
Microsoft Visual Studio Solution File, Format Version 12.00
# Visual Studio Version 17
VisualStudioVersion = 17.0.31903.59
MinimumVisualStudioVersion = 10.0.40219.1
Project("{2150E333-8FDC-42A3-9474-1A3956D46DE8}") = "src", "src", "{EF559F80-4482-445A-9F7A-B0C694C0D7AE}"
EndProject
Project("{FAE04EC0-301F-11D3-BF4B-00C04F79EFBC}") = "Challenge_Odontoprev_API", "src\Challenge_Odontoprev_API\Challenge_Odontoprev_API.csproj", "{712AAA28-C31A-48CA-99C1-890F9AE39DBD}"
EndProject
Project("{FAE04EC0-301F-11D3-BF4B-00C04F79EFBC}") = "Auth.API", "src\Auth.API\Auth.API.csproj", "{C8A8DF89-A4BB-4338-854E-AE71A2B741C1}"
EndProject
Global
	GlobalSection(SolutionConfigurationPlatforms) = preSolution
		Debug|Any CPU = Debug|Any CPU
		Release|Any CPU = Release|Any CPU
	EndGlobalSection
	GlobalSection(SolutionProperties) = preSolution
		HideSolutionNode = FALSE
	EndGlobalSection
	GlobalSection(ProjectConfigurationPlatforms) = postSolution
		{712AAA28-C31A-48CA-99C1-890F9AE39DBD}.Debug|Any CPU.ActiveCfg = Debug|Any CPU
		{712AAA28-C31A-48CA-99C1-890F9AE39DBD}.Debug|Any CPU.Build.0 = Debug|Any CPU
		{712AAA28-C31A-48CA-99C1-890F9AE39DBD}.Release|Any CPU.ActiveCfg = Release|Any CPU
		{712AAA28-C31A-48CA-99C1-890F9AE39DBD}.Release|Any CPU.Build.0 = Release|Any CPU
		{C8A8DF89-A4BB-4338-854E-AE71A2B741C1}.Debug|Any CPU.ActiveCfg = Debug|Any CPU
		{C8A8DF89-A4BB-4338-854E-AE71A2B741C1}.Debug|Any CPU.Build.0 = Debug|Any CPU
		{C8A8DF89-A4BB-4338-854E-AE71A2B741C1}.Release|Any CPU.ActiveCfg = Release|Any CPU
		{C8A8DF89-A4BB-4338-854E-AE71A2B741C1}.Release|Any CPU.Build.0 = Release|Any CPU
	EndGlobalSection
	GlobalSection(NestedProjects) = preSolution
		{712AAA28-C31A-48CA-99C1-890F9AE39DBD} = {EF559F80-4482-445A-9F7A-B0C694C0D7AE}
		{C8A8DF89-A4BB-4338-854E-AE71A2B741C1} = {EF559F80-4482-445A-9F7A-B0C694C0D7AE}
	EndGlobalSection
EndGlobal
